<?xml version="1.0" encoding="UTF-8" standalone="yes" ?>
<CodeBlocks_project_file>
	<FileVersion major="1" minor="6" />
	<Project>
		<Option title="Montador" />
		<Option pch_mode="2" />
		<Option compiler="gcc" />
		<Build>
			<Target title="Debug">
				<Option output="bin/Debug/Montador" prefix_auto="1" extension_auto="1" />
				<Option object_output="obj/Debug/" />
				<Option type="1" />
				<Option compiler="gcc" />
				<Compiler>
					<Add option="-g" />
				</Compiler>
			</Target>
			<Target title="Release">
				<Option output="bin/Release/Montador" prefix_auto="1" extension_auto="1" />
				<Option object_output="obj/Release/" />
				<Option type="1" />
				<Option compiler="gcc" />
				<Compiler>
					<Add option="-O2" />
				</Compiler>
				<Linker>
					<Add option="-s" />
				</Linker>
			</Target>
		</Build>
		<Compiler>
			<Add option="-Wall" />
			<Add option="-fexceptions" />
		</Compiler>
		<Unit filename="Evento.cpp" />
		<Unit filename="Evento.h" />
		<Unit filename="ListaLigada.cpp" />
		<Unit filename="ListaLigada.h" />
		<Unit filename="MVN.cpp" />
		<Unit filename="MVN.h" />
		<Unit filename="Mneumonico.cpp" />
		<Unit filename="Mneumonico.h" />
		<Unit filename="Montador.h" />
		<Unit filename="Simbolo.cpp" />
		<Unit filename="Simbolo.h" />
		<Unit filename="SimboloLigador.cpp" />
		<Unit filename="SimboloLigador.h" />
		<Unit filename="main.cpp" />
		<Extensions>
			<code_completion />
			<envvars />
			<debugger />
			<lib_finder disable_auto="1" />
		</Extensions>
	</Project>
</CodeBlocks_project_file>
